{
  "name": "bibtex-loader",
  "version": "1.0.0",
  "lockfileVersion": 1,
  "requires": true,
  "dependencies": {
    "biblatex-csl-converter": {
      "version": "1.6.7",
      "resolved": "https://registry.npmjs.org/biblatex-csl-converter/-/biblatex-csl-converter-1.6.7.tgz",
      "integrity": "sha512-TYw9bv79rZICCcA8DePSCTKUlrYR6pYE/VYzF+WwOyyZ88MJCibHjHj5A9btDilt/WZa4pbUcs1WgF01WJODlw=="
    }
  }
}
